// !$*UTF8*$!
{
	archiveVersion = 1;
	classes = {
	};
	objectVersion = 46;
	objects = {

/* Begin PBXBuildFile section */
		8D3C155B6777F31C48930B6E /* Pods_Melon.framework in Frameworks */ = {isa = PBXBuildFile; fileRef = 497F9F1F601BE873535A39B2 /* Pods_Melon.framework */; };
		9F1FE8D21DD076DD004A423E /* Main.storyboard in Resources */ = {isa = PBXBuildFile; fileRef = 9F1FE8D01DD076DD004A423E /* Main.storyboard */; };
		9F1FE8D41DD076DD004A423E /* Assets.xcassets in Resources */ = {isa = PBXBuildFile; fileRef = 9F1FE8D31DD076DD004A423E /* Assets.xcassets */; };
		9F1FE8D71DD076DD004A423E /* LaunchScreen.storyboard in Resources */ = {isa = PBXBuildFile; fileRef = 9F1FE8D51DD076DD004A423E /* LaunchScreen.storyboard */; };
		9F1FE8E01DD07710004A423E /* AppDelegate.swift in Sources */ = {isa = PBXBuildFile; fileRef = 9F1FE8DF1DD07710004A423E /* AppDelegate.swift */; };
		9F1FE8E51DD07727004A423E /* Person.swift in Sources */ = {isa = PBXBuildFile; fileRef = 9F1FE8E21DD07727004A423E /* Person.swift */; };
		9F1FE8E61DD07727004A423E /* Transaction.swift in Sources */ = {isa = PBXBuildFile; fileRef = 9F1FE8E31DD07727004A423E /* Transaction.swift */; };
		9F1FE8E71DD07727004A423E /* Trip.swift in Sources */ = {isa = PBXBuildFile; fileRef = 9F1FE8E41DD07727004A423E /* Trip.swift */; };
		9F1FE9051DD07743004A423E /* PlaidError.swift in Sources */ = {isa = PBXBuildFile; fileRef = 9F1FE8EA1DD07743004A423E /* PlaidError.swift */; };
		9F1FE9061DD07743004A423E /* PlaidErrorConvertible.swift in Sources */ = {isa = PBXBuildFile; fileRef = 9F1FE8EB1DD07743004A423E /* PlaidErrorConvertible.swift */; };
		9F1FE9071DD07743004A423E /* PlaidsterError.swift in Sources */ = {isa = PBXBuildFile; fileRef = 9F1FE8EC1DD07743004A423E /* PlaidsterError.swift */; };
		9F1FE9081DD07743004A423E /* HandlerTypealiases.swift in Sources */ = {isa = PBXBuildFile; fileRef = 9F1FE8EE1DD07743004A423E /* HandlerTypealiases.swift */; };
		9F1FE9091DD07743004A423E /* Institution.swift in Sources */ = {isa = PBXBuildFile; fileRef = 9F1FE8EF1DD07743004A423E /* Institution.swift */; };
		9F1FE90A1DD07743004A423E /* PlaidCategory.swift in Sources */ = {isa = PBXBuildFile; fileRef = 9F1FE8F01DD07743004A423E /* PlaidCategory.swift */; };
		9F1FE90B1DD07743004A423E /* PlaidAccount.swift in Sources */ = {isa = PBXBuildFile; fileRef = 9F1FE8F11DD07743004A423E /* PlaidAccount.swift */; };
		9F1FE90C1DD07743004A423E /* PlaidInstitution.swift in Sources */ = {isa = PBXBuildFile; fileRef = 9F1FE8F21DD07743004A423E /* PlaidInstitution.swift */; };
		9F1FE90D1DD07743004A423E /* PlaidSearchInstitution.swift in Sources */ = {isa = PBXBuildFile; fileRef = 9F1FE8F31DD07743004A423E /* PlaidSearchInstitution.swift */; };
		9F1FE90E1DD07743004A423E /* Plaidster.swift in Sources */ = {isa = PBXBuildFile; fileRef = 9F1FE8F41DD07743004A423E /* Plaidster.swift */; };
		9F1FE90F1DD07743004A423E /* PlaidTransaction.swift in Sources */ = {isa = PBXBuildFile; fileRef = 9F1FE8F51DD07743004A423E /* PlaidTransaction.swift */; };
		9F1FE9101DD07743004A423E /* Info.plist in Resources */ = {isa = PBXBuildFile; fileRef = 9F1FE8F71DD07743004A423E /* Info.plist */; };
		9F1FE9111DD07743004A423E /* HTTPMethod.swift in Sources */ = {isa = PBXBuildFile; fileRef = 9F1FE8F91DD07743004A423E /* HTTPMethod.swift */; };
		9F1FE9121DD07743004A423E /* String+Encoding.swift in Sources */ = {isa = PBXBuildFile; fileRef = 9F1FE8FA1DD07743004A423E /* String+Encoding.swift */; };
		9F1FE9161DD07743004A423E /* TripDetailViewController.swift in Sources */ = {isa = PBXBuildFile; fileRef = 9F1FE9031DD07743004A423E /* TripDetailViewController.swift */; };
		9F1FE9171DD07743004A423E /* TripsViewController.swift in Sources */ = {isa = PBXBuildFile; fileRef = 9F1FE9041DD07743004A423E /* TripsViewController.swift */; };
		9F1FE9191DD078ED004A423E /* ConnectBankAccountViewController.swift in Sources */ = {isa = PBXBuildFile; fileRef = 9F1FE9181DD078ED004A423E /* ConnectBankAccountViewController.swift */; };
		9FC7BC131DE62A7400466319 /* Account.swift in Sources */ = {isa = PBXBuildFile; fileRef = 9FC7BC121DE62A7400466319 /* Account.swift */; };
		9FC7BC151DE6322100466319 /* PeopleViewController.swift in Sources */ = {isa = PBXBuildFile; fileRef = 9FC7BC141DE6322100466319 /* PeopleViewController.swift */; };
		9FC7BC181DE63B0C00466319 /* Melon.xcdatamodeld in Sources */ = {isa = PBXBuildFile; fileRef = 9FC7BC161DE63B0C00466319 /* Melon.xcdatamodeld */; };
/* End PBXBuildFile section */

/* Begin PBXFileReference section */
		240B4D9E4CC40B1C1C828C34 /* Pods-Melon.debug.xcconfig */ = {isa = PBXFileReference; includeInIndex = 1; lastKnownFileType = text.xcconfig; name = "Pods-Melon.debug.xcconfig"; path = "Pods/Target Support Files/Pods-Melon/Pods-Melon.debug.xcconfig"; sourceTree = "<group>"; };
		497F9F1F601BE873535A39B2 /* Pods_Melon.framework */ = {isa = PBXFileReference; explicitFileType = wrapper.framework; includeInIndex = 0; path = Pods_Melon.framework; sourceTree = BUILT_PRODUCTS_DIR; };
		9F1FE8C91DD076DD004A423E /* Melon.app */ = {isa = PBXFileReference; explicitFileType = wrapper.application; includeInIndex = 0; path = Melon.app; sourceTree = BUILT_PRODUCTS_DIR; };
		9F1FE8D11DD076DD004A423E /* Base */ = {isa = PBXFileReference; lastKnownFileType = file.storyboard; name = Base; path = Base.lproj/Main.storyboard; sourceTree = "<group>"; };
		9F1FE8D31DD076DD004A423E /* Assets.xcassets */ = {isa = PBXFileReference; lastKnownFileType = folder.assetcatalog; path = Assets.xcassets; sourceTree = "<group>"; };
		9F1FE8D61DD076DD004A423E /* Base */ = {isa = PBXFileReference; lastKnownFileType = file.storyboard; name = Base; path = Base.lproj/LaunchScreen.storyboard; sourceTree = "<group>"; };
		9F1FE8DE1DD07710004A423E /* Melon-Bridging-Header.h */ = {isa = PBXFileReference; lastKnownFileType = sourcecode.c.h; path = "Melon-Bridging-Header.h"; sourceTree = "<group>"; };
		9F1FE8DF1DD07710004A423E /* AppDelegate.swift */ = {isa = PBXFileReference; fileEncoding = 4; lastKnownFileType = sourcecode.swift; path = AppDelegate.swift; sourceTree = "<group>"; };
		9F1FE8E21DD07727004A423E /* Person.swift */ = {isa = PBXFileReference; fileEncoding = 4; lastKnownFileType = sourcecode.swift; path = Person.swift; sourceTree = "<group>"; };
		9F1FE8E31DD07727004A423E /* Transaction.swift */ = {isa = PBXFileReference; fileEncoding = 4; lastKnownFileType = sourcecode.swift; path = Transaction.swift; sourceTree = "<group>"; };
		9F1FE8E41DD07727004A423E /* Trip.swift */ = {isa = PBXFileReference; fileEncoding = 4; lastKnownFileType = sourcecode.swift; path = Trip.swift; sourceTree = "<group>"; };
		9F1FE8EA1DD07743004A423E /* PlaidError.swift */ = {isa = PBXFileReference; fileEncoding = 4; lastKnownFileType = sourcecode.swift; path = PlaidError.swift; sourceTree = "<group>"; };
		9F1FE8EB1DD07743004A423E /* PlaidErrorConvertible.swift */ = {isa = PBXFileReference; fileEncoding = 4; lastKnownFileType = sourcecode.swift; path = PlaidErrorConvertible.swift; sourceTree = "<group>"; };
		9F1FE8EC1DD07743004A423E /* PlaidsterError.swift */ = {isa = PBXFileReference; fileEncoding = 4; lastKnownFileType = sourcecode.swift; path = PlaidsterError.swift; sourceTree = "<group>"; };
		9F1FE8EE1DD07743004A423E /* HandlerTypealiases.swift */ = {isa = PBXFileReference; fileEncoding = 4; lastKnownFileType = sourcecode.swift; path = HandlerTypealiases.swift; sourceTree = "<group>"; };
		9F1FE8EF1DD07743004A423E /* Institution.swift */ = {isa = PBXFileReference; fileEncoding = 4; lastKnownFileType = sourcecode.swift; path = Institution.swift; sourceTree = "<group>"; };
		9F1FE8F01DD07743004A423E /* PlaidCategory.swift */ = {isa = PBXFileReference; fileEncoding = 4; lastKnownFileType = sourcecode.swift; path = PlaidCategory.swift; sourceTree = "<group>"; };
		9F1FE8F11DD07743004A423E /* PlaidAccount.swift */ = {isa = PBXFileReference; fileEncoding = 4; lastKnownFileType = sourcecode.swift; path = PlaidAccount.swift; sourceTree = "<group>"; };
		9F1FE8F21DD07743004A423E /* PlaidInstitution.swift */ = {isa = PBXFileReference; fileEncoding = 4; lastKnownFileType = sourcecode.swift; path = PlaidInstitution.swift; sourceTree = "<group>"; };
		9F1FE8F31DD07743004A423E /* PlaidSearchInstitution.swift */ = {isa = PBXFileReference; fileEncoding = 4; lastKnownFileType = sourcecode.swift; path = PlaidSearchInstitution.swift; sourceTree = "<group>"; };
		9F1FE8F41DD07743004A423E /* Plaidster.swift */ = {isa = PBXFileReference; fileEncoding = 4; lastKnownFileType = sourcecode.swift; path = Plaidster.swift; sourceTree = "<group>"; };
		9F1FE8F51DD07743004A423E /* PlaidTransaction.swift */ = {isa = PBXFileReference; fileEncoding = 4; lastKnownFileType = sourcecode.swift; path = PlaidTransaction.swift; sourceTree = "<group>"; };
		9F1FE8F71DD07743004A423E /* Info.plist */ = {isa = PBXFileReference; fileEncoding = 4; lastKnownFileType = text.plist.xml; path = Info.plist; sourceTree = "<group>"; };
		9F1FE8F91DD07743004A423E /* HTTPMethod.swift */ = {isa = PBXFileReference; fileEncoding = 4; lastKnownFileType = sourcecode.swift; path = HTTPMethod.swift; sourceTree = "<group>"; };
		9F1FE8FA1DD07743004A423E /* String+Encoding.swift */ = {isa = PBXFileReference; fileEncoding = 4; lastKnownFileType = sourcecode.swift; path = "String+Encoding.swift"; sourceTree = "<group>"; };
		9F1FE8FB1DD07743004A423E /* Plaidster.h */ = {isa = PBXFileReference; fileEncoding = 4; lastKnownFileType = sourcecode.c.h; path = Plaidster.h; sourceTree = "<group>"; };
		9F1FE9031DD07743004A423E /* TripDetailViewController.swift */ = {isa = PBXFileReference; fileEncoding = 4; lastKnownFileType = sourcecode.swift; path = TripDetailViewController.swift; sourceTree = "<group>"; };
		9F1FE9041DD07743004A423E /* TripsViewController.swift */ = {isa = PBXFileReference; fileEncoding = 4; lastKnownFileType = sourcecode.swift; path = TripsViewController.swift; sourceTree = "<group>"; };
		9F1FE9181DD078ED004A423E /* ConnectBankAccountViewController.swift */ = {isa = PBXFileReference; fileEncoding = 4; lastKnownFileType = sourcecode.swift; path = ConnectBankAccountViewController.swift; sourceTree = "<group>"; };
		9FC7BC0A1DE585CD00466319 /* Info.plist */ = {isa = PBXFileReference; fileEncoding = 4; lastKnownFileType = text.plist.xml; path = Info.plist; sourceTree = "<group>"; };
		9FC7BC121DE62A7400466319 /* Account.swift */ = {isa = PBXFileReference; fileEncoding = 4; lastKnownFileType = sourcecode.swift; path = Account.swift; sourceTree = "<group>"; };
		9FC7BC141DE6322100466319 /* PeopleViewController.swift */ = {isa = PBXFileReference; fileEncoding = 4; lastKnownFileType = sourcecode.swift; path = PeopleViewController.swift; sourceTree = "<group>"; };
		9FC7BC171DE63B0C00466319 /* Melon.xcdatamodel */ = {isa = PBXFileReference; lastKnownFileType = wrapper.xcdatamodel; path = Melon.xcdatamodel; sourceTree = "<group>"; };
		EAAF8D2BD45424A619248680 /* Pods-Melon.release.xcconfig */ = {isa = PBXFileReference; includeInIndex = 1; lastKnownFileType = text.xcconfig; name = "Pods-Melon.release.xcconfig"; path = "Pods/Target Support Files/Pods-Melon/Pods-Melon.release.xcconfig"; sourceTree = "<group>"; };
/* End PBXFileReference section */

/* Begin PBXFrameworksBuildPhase section */
		9F1FE8C61DD076DD004A423E /* Frameworks */ = {
			isa = PBXFrameworksBuildPhase;
			buildActionMask = 2147483647;
			files = (
				8D3C155B6777F31C48930B6E /* Pods_Melon.framework in Frameworks */,
			);
			runOnlyForDeploymentPostprocessing = 0;
		};
/* End PBXFrameworksBuildPhase section */

/* Begin PBXGroup section */
		5E004DB050694658C2FD34D7 /* Pods */ = {
			isa = PBXGroup;
			children = (
				240B4D9E4CC40B1C1C828C34 /* Pods-Melon.debug.xcconfig */,
				EAAF8D2BD45424A619248680 /* Pods-Melon.release.xcconfig */,
			);
			name = Pods;
			sourceTree = "<group>";
		};
		631FF972DBEF394FB0201B26 /* Frameworks */ = {
			isa = PBXGroup;
			children = (
				497F9F1F601BE873535A39B2 /* Pods_Melon.framework */,
			);
			name = Frameworks;
			sourceTree = "<group>";
		};
		9F1FE8C01DD076DD004A423E = {
			isa = PBXGroup;
			children = (
				9F1FE8CB1DD076DD004A423E /* Melon */,
				9F1FE8CA1DD076DD004A423E /* Products */,
				5E004DB050694658C2FD34D7 /* Pods */,
				631FF972DBEF394FB0201B26 /* Frameworks */,
			);
			sourceTree = "<group>";
		};
		9F1FE8CA1DD076DD004A423E /* Products */ = {
			isa = PBXGroup;
			children = (
				9F1FE8C91DD076DD004A423E /* Melon.app */,
			);
			name = Products;
			sourceTree = "<group>";
		};
		9F1FE8CB1DD076DD004A423E /* Melon */ = {
			isa = PBXGroup;
			children = (
				9F1FE8E11DD07727004A423E /* Objects */,
				9F1FE8E81DD07743004A423E /* Plaidster */,
				9F1FE9021DD07743004A423E /* ViewControllers */,
				9F1FE8DF1DD07710004A423E /* AppDelegate.swift */,
				9F1FE8D01DD076DD004A423E /* Main.storyboard */,
				9F1FE8D31DD076DD004A423E /* Assets.xcassets */,
				9F1FE8D51DD076DD004A423E /* LaunchScreen.storyboard */,
				9F1FE8DE1DD07710004A423E /* Melon-Bridging-Header.h */,
				9FC7BC0A1DE585CD00466319 /* Info.plist */,
			);
			path = Melon;
			sourceTree = "<group>";
		};
		9F1FE8E11DD07727004A423E /* Objects */ = {
			isa = PBXGroup;
			children = (
				9F1FE8E21DD07727004A423E /* Person.swift */,
				9F1FE8E31DD07727004A423E /* Transaction.swift */,
				9F1FE8E41DD07727004A423E /* Trip.swift */,
				9FC7BC121DE62A7400466319 /* Account.swift */,
				9FC7BC161DE63B0C00466319 /* Melon.xcdatamodeld */,
			);
			path = Objects;
			sourceTree = "<group>";
		};
		9F1FE8E81DD07743004A423E /* Plaidster */ = {
			isa = PBXGroup;
			children = (
				9F1FE8E91DD07743004A423E /* Error */,
				9F1FE8ED1DD07743004A423E /* Helper */,
				9F1FE8F11DD07743004A423E /* PlaidAccount.swift */,
				9F1FE8F21DD07743004A423E /* PlaidInstitution.swift */,
				9F1FE8F31DD07743004A423E /* PlaidSearchInstitution.swift */,
				9F1FE8F41DD07743004A423E /* Plaidster.swift */,
				9F1FE8F51DD07743004A423E /* PlaidTransaction.swift */,
				9F1FE8F61DD07743004A423E /* Supporting */,
			);
			path = Plaidster;
			sourceTree = "<group>";
		};
		9F1FE8E91DD07743004A423E /* Error */ = {
			isa = PBXGroup;
			children = (
				9F1FE8EA1DD07743004A423E /* PlaidError.swift */,
				9F1FE8EB1DD07743004A423E /* PlaidErrorConvertible.swift */,
				9F1FE8EC1DD07743004A423E /* PlaidsterError.swift */,
			);
			path = Error;
			sourceTree = "<group>";
		};
		9F1FE8ED1DD07743004A423E /* Helper */ = {
			isa = PBXGroup;
			children = (
				9F1FE8EE1DD07743004A423E /* HandlerTypealiases.swift */,
				9F1FE8EF1DD07743004A423E /* Institution.swift */,
				9F1FE8F01DD07743004A423E /* PlaidCategory.swift */,
			);
			path = Helper;
			sourceTree = "<group>";
		};
		9F1FE8F61DD07743004A423E /* Supporting */ = {
			isa = PBXGroup;
			children = (
				9F1FE8F71DD07743004A423E /* Info.plist */,
				9F1FE8F81DD07743004A423E /* Lib */,
				9F1FE8FB1DD07743004A423E /* Plaidster.h */,
			);
			path = Supporting;
			sourceTree = "<group>";
		};
		9F1FE8F81DD07743004A423E /* Lib */ = {
			isa = PBXGroup;
			children = (
				9F1FE8F91DD07743004A423E /* HTTPMethod.swift */,
				9F1FE8FA1DD07743004A423E /* String+Encoding.swift */,
			);
			path = Lib;
			sourceTree = "<group>";
		};
		9F1FE9021DD07743004A423E /* ViewControllers */ = {
			isa = PBXGroup;
			children = (
				9F1FE9031DD07743004A423E /* TripDetailViewController.swift */,
				9F1FE9041DD07743004A423E /* TripsViewController.swift */,
				9F1FE9181DD078ED004A423E /* ConnectBankAccountViewController.swift */,
				9FC7BC141DE6322100466319 /* PeopleViewController.swift */,
			);
			path = ViewControllers;
			sourceTree = "<group>";
		};
/* End PBXGroup section */

/* Begin PBXNativeTarget section */
		9F1FE8C81DD076DD004A423E /* Melon */ = {
			isa = PBXNativeTarget;
			buildConfigurationList = 9F1FE8DB1DD076DD004A423E /* Build configuration list for PBXNativeTarget "Melon" */;
			buildPhases = (
				97C5E6B1225D25EA38752360 /* [CP] Check Pods Manifest.lock */,
				9F1FE8C51DD076DD004A423E /* Sources */,
				9F1FE8C61DD076DD004A423E /* Frameworks */,
				9F1FE8C71DD076DD004A423E /* Resources */,
				5F3BD24BA6D3CAF6BF726E60 /* [CP] Embed Pods Frameworks */,
				29F1EA951736CFB51315EF63 /* [CP] Copy Pods Resources */,
			);
			buildRules = (
			);
			dependencies = (
			);
			name = Melon;
			productName = Melon;
			productReference = 9F1FE8C91DD076DD004A423E /* Melon.app */;
			productType = "com.apple.product-type.application";
		};
/* End PBXNativeTarget section */

/* Begin PBXProject section */
		9F1FE8C11DD076DD004A423E /* Project object */ = {
			isa = PBXProject;
			attributes = {
				LastSwiftUpdateCheck = 0800;
				LastUpgradeCheck = 0800;
				ORGANIZATIONNAME = "Siyao Xie";
				TargetAttributes = {
					9F1FE8C81DD076DD004A423E = {
						CreatedOnToolsVersion = 8.0;
						DevelopmentTeam = 73FH36EL9A;
						LastSwiftMigration = 0800;
						ProvisioningStyle = Automatic;
					};
				};
			};
			buildConfigurationList = 9F1FE8C41DD076DD004A423E /* Build configuration list for PBXProject "Melon" */;
			compatibilityVersion = "Xcode 3.2";
			developmentRegion = English;
			hasScannedForEncodings = 0;
			knownRegions = (
				en,
				Base,
			);
			mainGroup = 9F1FE8C01DD076DD004A423E;
			productRefGroup = 9F1FE8CA1DD076DD004A423E /* Products */;
			projectDirPath = "";
			projectRoot = "";
			targets = (
				9F1FE8C81DD076DD004A423E /* Melon */,
			);
		};
/* End PBXProject section */

/* Begin PBXResourcesBuildPhase section */
		9F1FE8C71DD076DD004A423E /* Resources */ = {
			isa = PBXResourcesBuildPhase;
			buildActionMask = 2147483647;
			files = (
				9F1FE9101DD07743004A423E /* Info.plist in Resources */,
				9F1FE8D71DD076DD004A423E /* LaunchScreen.storyboard in Resources */,
				9F1FE8D41DD076DD004A423E /* Assets.xcassets in Resources */,
				9F1FE8D21DD076DD004A423E /* Main.storyboard in Resources */,
			);
			runOnlyForDeploymentPostprocessing = 0;
		};
/* End PBXResourcesBuildPhase section */

/* Begin PBXShellScriptBuildPhase section */
		29F1EA951736CFB51315EF63 /* [CP] Copy Pods Resources */ = {
			isa = PBXShellScriptBuildPhase;
			buildActionMask = 2147483647;
			files = (
			);
			inputPaths = (
			);
			name = "[CP] Copy Pods Resources";
			outputPaths = (
			);
			runOnlyForDeploymentPostprocessing = 0;
			shellPath = /bin/sh;
			shellScript = "\"${SRCROOT}/Pods/Target Support Files/Pods-Melon/Pods-Melon-resources.sh\"\n";
			showEnvVarsInLog = 0;
		};
		5F3BD24BA6D3CAF6BF726E60 /* [CP] Embed Pods Frameworks */ = {
			isa = PBXShellScriptBuildPhase;
			buildActionMask = 2147483647;
			files = (
			);
			inputPaths = (
			);
			name = "[CP] Embed Pods Frameworks";
			outputPaths = (
			);
			runOnlyForDeploymentPostprocessing = 0;
			shellPath = /bin/sh;
			shellScript = "\"${SRCROOT}/Pods/Target Support Files/Pods-Melon/Pods-Melon-frameworks.sh\"\n";
			showEnvVarsInLog = 0;
		};
		97C5E6B1225D25EA38752360 /* [CP] Check Pods Manifest.lock */ = {
			isa = PBXShellScriptBuildPhase;
			buildActionMask = 2147483647;
			files = (
			);
			inputPaths = (
			);
			name = "[CP] Check Pods Manifest.lock";
			outputPaths = (
			);
			runOnlyForDeploymentPostprocessing = 0;
			shellPath = /bin/sh;
			shellScript = "diff \"${PODS_ROOT}/../Podfile.lock\" \"${PODS_ROOT}/Manifest.lock\" > /dev/null\nif [ $? != 0 ] ; then\n    # print error to STDERR\n    echo \"error: The sandbox is not in sync with the Podfile.lock. Run 'pod install' or update your CocoaPods installation.\" >&2\n    exit 1\nfi\n";
			showEnvVarsInLog = 0;
		};
/* End PBXShellScriptBuildPhase section */

/* Begin PBXSourcesBuildPhase section */
		9F1FE8C51DD076DD004A423E /* Sources */ = {
			isa = PBXSourcesBuildPhase;
			buildActionMask = 2147483647;
			files = (
				9F1FE9091DD07743004A423E /* Institution.swift in Sources */,
				9F1FE8E71DD07727004A423E /* Trip.swift in Sources */,
				9F1FE90A1DD07743004A423E /* PlaidCategory.swift in Sources */,
				9FC7BC151DE6322100466319 /* PeopleViewController.swift in Sources */,
				9F1FE9061DD07743004A423E /* PlaidErrorConvertible.swift in Sources */,
				9F1FE9051DD07743004A423E /* PlaidError.swift in Sources */,
				9F1FE8E51DD07727004A423E /* Person.swift in Sources */,
				9F1FE9161DD07743004A423E /* TripDetailViewController.swift in Sources */,
				9F1FE9191DD078ED004A423E /* ConnectBankAccountViewController.swift in Sources */,
				9F1FE90E1DD07743004A423E /* Plaidster.swift in Sources */,
				9F1FE90B1DD07743004A423E /* PlaidAccount.swift in Sources */,
				9FC7BC181DE63B0C00466319 /* Melon.xcdatamodeld in Sources */,
				9F1FE9071DD07743004A423E /* PlaidsterError.swift in Sources */,
				9F1FE90D1DD07743004A423E /* PlaidSearchInstitution.swift in Sources */,
				9F1FE9081DD07743004A423E /* HandlerTypealiases.swift in Sources */,
				9F1FE90C1DD07743004A423E /* PlaidInstitution.swift in Sources */,
				9F1FE9121DD07743004A423E /* String+Encoding.swift in Sources */,
				9F1FE9171DD07743004A423E /* TripsViewController.swift in Sources */,
				9F1FE9111DD07743004A423E /* HTTPMethod.swift in Sources */,
				9F1FE90F1DD07743004A423E /* PlaidTransaction.swift in Sources */,
				9F1FE8E01DD07710004A423E /* AppDelegate.swift in Sources */,
				9F1FE8E61DD07727004A423E /* Transaction.swift in Sources */,
				9FC7BC131DE62A7400466319 /* Account.swift in Sources */,
			);
			runOnlyForDeploymentPostprocessing = 0;
		};
/* End PBXSourcesBuildPhase section */

/* Begin PBXVariantGroup section */
		9F1FE8D01DD076DD004A423E /* Main.storyboard */ = {
			isa = PBXVariantGroup;
			children = (
				9F1FE8D11DD076DD004A423E /* Base */,
			);
			name = Main.storyboard;
			sourceTree = "<group>";
		};
		9F1FE8D51DD076DD004A423E /* LaunchScreen.storyboard */ = {
			isa = PBXVariantGroup;
			children = (
				9F1FE8D61DD076DD004A423E /* Base */,
			);
			name = LaunchScreen.storyboard;
			sourceTree = "<group>";
		};
/* End PBXVariantGroup section */

/* Begin XCBuildConfiguration section */
		9F1FE8D91DD076DD004A423E /* Debug */ = {
			isa = XCBuildConfiguration;
			buildSettings = {
				ALWAYS_SEARCH_USER_PATHS = NO;
				CLANG_ANALYZER_NONNULL = YES;
				CLANG_CXX_LANGUAGE_STANDARD = "gnu++0x";
				CLANG_CXX_LIBRARY = "libc++";
				CLANG_ENABLE_MODULES = YES;
				CLANG_ENABLE_OBJC_ARC = YES;
				CLANG_WARN_BOOL_CONVERSION = YES;
				CLANG_WARN_CONSTANT_CONVERSION = YES;
				CLANG_WARN_DIRECT_OBJC_ISA_USAGE = YES_ERROR;
				CLANG_WARN_DOCUMENTATION_COMMENTS = YES;
				CLANG_WARN_EMPTY_BODY = YES;
				CLANG_WARN_ENUM_CONVERSION = YES;
				CLANG_WARN_INFINITE_RECURSION = YES;
				CLANG_WARN_INT_CONVERSION = YES;
				CLANG_WARN_OBJC_ROOT_CLASS = YES_ERROR;
				CLANG_WARN_SUSPICIOUS_MOVES = YES;
				CLANG_WARN_UNREACHABLE_CODE = YES;
				CLANG_WARN__DUPLICATE_METHOD_MATCH = YES;
				"CODE_SIGN_IDENTITY[sdk=iphoneos*]" = "iPhone Developer";
				COPY_PHASE_STRIP = NO;
				DEBUG_INFORMATION_FORMAT = dwarf;
				ENABLE_STRICT_OBJC_MSGSEND = YES;
				ENABLE_TESTABILITY = YES;
				GCC_C_LANGUAGE_STANDARD = gnu99;
				GCC_DYNAMIC_NO_PIC = NO;
				GCC_NO_COMMON_BLOCKS = YES;
				GCC_OPTIMIZATION_LEVEL = 0;
				GCC_PREPROCESSOR_DEFINITIONS = (
					"DEBUG=1",
					"$(inherited)",
				);
				GCC_WARN_64_TO_32_BIT_CONVERSION = YES;
				GCC_WARN_ABOUT_RETURN_TYPE = YES_ERROR;
				GCC_WARN_UNDECLARED_SELECTOR = YES;
				GCC_WARN_UNINITIALIZED_AUTOS = YES_AGGRESSIVE;
				GCC_WARN_UNUSED_FUNCTION = YES;
				GCC_WARN_UNUSED_VARIABLE = YES;
				IPHONEOS_DEPLOYMENT_TARGET = 10.0;
				MTL_ENABLE_DEBUG_INFO = YES;
				ONLY_ACTIVE_ARCH = YES;
				SDKROOT = iphoneos;
				SWIFT_ACTIVE_COMPILATION_CONDITIONS = DEBUG;
				SWIFT_OPTIMIZATION_LEVEL = "-Onone";
				TARGETED_DEVICE_FAMILY = "1,2";
			};
			name = Debug;
		};
		9F1FE8DA1DD076DD004A423E /* Release */ = {
			isa = XCBuildConfiguration;
			buildSettings = {
				ALWAYS_SEARCH_USER_PATHS = NO;
				CLANG_ANALYZER_NONNULL = YES;
				CLANG_CXX_LANGUAGE_STANDARD = "gnu++0x";
				CLANG_CXX_LIBRARY = "libc++";
				CLANG_ENABLE_MODULES = YES;
				CLANG_ENABLE_OBJC_ARC = YES;
				CLANG_WARN_BOOL_CONVERSION = YES;
				CLANG_WARN_CONSTANT_CONVERSION = YES;
				CLANG_WARN_DIRECT_OBJC_ISA_USAGE = YES_ERROR;
				CLANG_WARN_DOCUMENTATION_COMMENTS = YES;
				CLANG_WARN_EMPTY_BODY = YES;
				CLANG_WARN_ENUM_CONVERSION = YES;
				CLANG_WARN_INFINITE_RECURSION = YES;
				CLANG_WARN_INT_CONVERSION = YES;
				CLANG_WARN_OBJC_ROOT_CLASS = YES_ERROR;
				CLANG_WARN_SUSPICIOUS_MOVES = YES;
				CLANG_WARN_UNREACHABLE_CODE = YES;
				CLANG_WARN__DUPLICATE_METHOD_MATCH = YES;
				"CODE_SIGN_IDENTITY[sdk=iphoneos*]" = "iPhone Developer";
				COPY_PHASE_STRIP = NO;
				DEBUG_INFORMATION_FORMAT = "dwarf-with-dsym";
				ENABLE_NS_ASSERTIONS = NO;
				ENABLE_STRICT_OBJC_MSGSEND = YES;
				GCC_C_LANGUAGE_STANDARD = gnu99;
				GCC_NO_COMMON_BLOCKS = YES;
				GCC_WARN_64_TO_32_BIT_CONVERSION = YES;
				GCC_WARN_ABOUT_RETURN_TYPE = YES_ERROR;
				GCC_WARN_UNDECLARED_SELECTOR = YES;
				GCC_WARN_UNINITIALIZED_AUTOS = YES_AGGRESSIVE;
				GCC_WARN_UNUSED_FUNCTION = YES;
				GCC_WARN_UNUSED_VARIABLE = YES;
				IPHONEOS_DEPLOYMENT_TARGET = 10.0;
				MTL_ENABLE_DEBUG_INFO = NO;
				SDKROOT = iphoneos;
				SWIFT_OPTIMIZATION_LEVEL = "-Owholemodule";
				TARGETED_DEVICE_FAMILY = "1,2";
				VALIDATE_PRODUCT = YES;
			};
			name = Release;
		};
		9F1FE8DC1DD076DD004A423E /* Debug */ = {
			isa = XCBuildConfiguration;
			baseConfigurationReference = 240B4D9E4CC40B1C1C828C34 /* Pods-Melon.debug.xcconfig */;
			buildSettings = {
				ASSETCATALOG_COMPILER_APPICON_NAME = AppIcon;
				CLANG_ENABLE_MODULES = YES;
				DEVELOPMENT_TEAM = 73FH36EL9A;
				INFOPLIST_FILE = Melon/Info.plist;
				LD_RUNPATH_SEARCH_PATHS = "$(inherited) @executable_path/Frameworks";
				PRODUCT_BUNDLE_IDENTIFIER = siyaoxie.Melon;
				PRODUCT_NAME = "$(TARGET_NAME)";
				SWIFT_OBJC_BRIDGING_HEADER = "Melon/Melon-Bridging-Header.h";
				SWIFT_OPTIMIZATION_LEVEL = "-Onone";
				SWIFT_VERSION = 3.0;
			};
			name = Debug;
		};
		9F1FE8DD1DD076DD004A423E /* Release */ = {
			isa = XCBuildConfiguration;
			baseConfigurationReference = EAAF8D2BD45424A619248680 /* Pods-Melon.release.xcconfig */;
			buildSettings = {
				ASSETCATALOG_COMPILER_APPICON_NAME = AppIcon;
				CLANG_ENABLE_MODULES = YES;
				DEVELOPMENT_TEAM = 73FH36EL9A;
				INFOPLIST_FILE = Melon/Info.plist;
				LD_RUNPATH_SEARCH_PATHS = "$(inherited) @executable_path/Frameworks";
				PRODUCT_BUNDLE_IDENTIFIER = siyaoxie.Melon;
				PRODUCT_NAME = "$(TARGET_NAME)";
				SWIFT_OBJC_BRIDGING_HEADER = "Melon/Melon-Bridging-Header.h";
				SWIFT_VERSION = 3.0;
			};
			name = Release;
		};
/* End XCBuildConfiguration section */

/* Begin XCConfigurationList section */
		9F1FE8C41DD076DD004A423E /* Build configuration list for PBXProject "Melon" */ = {
			isa = XCConfigurationList;
			buildConfigurations = (
				9F1FE8D91DD076DD004A423E /* Debug */,
				9F1FE8DA1DD076DD004A423E /* Release */,
			);
			defaultConfigurationIsVisible = 0;
			defaultConfigurationName = Release;
		};
		9F1FE8DB1DD076DD004A423E /* Build configuration list for PBXNativeTarget "Melon" */ = {
			isa = XCConfigurationList;
			buildConfigurations = (
				9F1FE8DC1DD076DD004A423E /* Debug */,
				9F1FE8DD1DD076DD004A423E /* Release */,
			);
			defaultConfigurationIsVisible = 0;
			defaultConfigurationName = Release;
		};
/* End XCConfigurationList section */

/* Begin XCVersionGroup section */
		9FC7BC161DE63B0C00466319 /* Melon.xcdatamodeld */ = {
			isa = XCVersionGroup;
			children = (
				9FC7BC171DE63B0C00466319 /* Melon.xcdatamodel */,
			);
			currentVersion = 9FC7BC171DE63B0C00466319 /* Melon.xcdatamodel */;
			path = Melon.xcdatamodeld;
			sourceTree = "<group>";
			versionGroupType = wrapper.xcdatamodel;
		};
/* End XCVersionGroup section */
	};
	rootObject = 9F1FE8C11DD076DD004A423E /* Project object */;
}
